
Microsoft Visual Studio Solution File, Format Version 12.00
# Visual Studio Version 16
VisualStudioVersion = 16.0.31025.194
MinimumVisualStudioVersion = 10.0.40219.1
Project("{888888A0-9F3D-457C-B088-3A5042F75D52}") = "LynkCoHelper", "LynkCoHelper.pyproj", "{3137C07E-F2D0-4282-B916-229FD14DEC2F}"
EndProject
Global
	GlobalSection(SolutionConfigurationPlatforms) = preSolution
		Debug|Any CPU = Debug|Any CPU
		Release|Any CPU = Release|Any CPU
	EndGlobalSection
	GlobalSection(ProjectConfigurationPlatforms) = postSolution
		{3137C07E-F2D0-4282-B916-229FD14DEC2F}.Debug|Any CPU.ActiveCfg = Debug|Any CPU
		{3137C07E-F2D0-4282-B916-229FD14DEC2F}.Release|Any CPU.ActiveCfg = Release|Any CPU
	EndGlobalSection
	GlobalSection(SolutionProperties) = preSolution
		HideSolutionNode = FALSE
	EndGlobalSection
	GlobalSection(ExtensibilityGlobals) = postSolution
		SolutionGuid = {902789D9-D4D1-450D-896E-DC55CD64EE87}
	EndGlobalSection
EndGlobal
